# THIS IS AN AUTOGENERATED FILE. DO NOT EDIT THIS FILE DIRECTLY.
# yarn lockfile v1


ev-emitter@^1.0.0:
  version "1.1.1"
  resolved "https://registry.yarnpkg.com/ev-emitter/-/ev-emitter-1.1.1.tgz#8f18b0ce5c76a5d18017f71c0a795c65b9138f2a"

font-awesome@^4.7.0:
  version "4.7.0"
  resolved "https://registry.yarnpkg.com/font-awesome/-/font-awesome-4.7.0.tgz#8fa8cf0411a1a31afd07b06d2902bb9fc815a133"

fullcalendar@^3.4.0:
  version "3.4.0"
  resolved "https://registry.yarnpkg.com/fullcalendar/-/fullcalendar-3.4.0.tgz#34dabff2abe5e85f70025c789a5b9dc3ea4c4762"
  dependencies:
    jquery "2 - 3"
    moment "^2.9.0"

imagesloaded@>=3.0.0:
  version "4.1.3"
  resolved "https://registry.yarnpkg.com/imagesloaded/-/imagesloaded-4.1.3.tgz#94b82a069e532c9da112a4ea3960e58424a42be4"
  dependencies:
    ev-emitter "^1.0.0"

jasny-bootstrap@^3.1.3:
  version "3.1.3"
  resolved "https://registry.yarnpkg.com/jasny-bootstrap/-/jasny-bootstrap-3.1.3.tgz#b072a681d50c649762c9543c7a6093d9baa2f87b"

jquery-textcomplete@^1.8.1:
  version "1.8.2"
  resolved "https://registry.yarnpkg.com/jquery-textcomplete/-/jquery-textcomplete-1.8.2.tgz#225c5f6aac7c09c0e7b210cb004f8017b0ab0367"

"jquery@2 - 3", jquery@>=1.2.3, jquery@>=1.6.0, jquery@^3.2.1:
  version "3.2.1"
  resolved "https://registry.yarnpkg.com/jquery/-/jquery-3.2.1.tgz#5c4d9de652af6cd0a770154a631bba12b015c787"

moment@^2.9.0:
  version "2.18.1"
  resolved "https://registry.yarnpkg.com/moment/-/moment-2.18.1.tgz#c36193dd3ce1c2eed2adb7c802dbbc77a81b1c0f"

qtip2@^3.0.3:
  version "3.0.3"
  resolved "https://registry.yarnpkg.com/qtip2/-/qtip2-3.0.3.tgz#7df088ae4412c24a4064de69e824cb3cf76210dc"
  dependencies:
    imagesloaded ">=3.0.0"
    jquery ">=1.6.0"

sweetalert2@^6.6.5:
  version "6.6.6"
  resolved "https://registry.yarnpkg.com/sweetalert2/-/sweetalert2-6.6.6.tgz#3630279d98f04fb8b89f2e8b098fc42f03bcb555"

tether@^1.4.0:
  version "1.4.0"
  resolved "https://registry.yarnpkg.com/tether/-/tether-1.4.0.tgz#0f9fa171f75bf58485d8149e94799d7ae74d1c1a"

timeago@^1.6.1:
  version "1.6.1"
  resolved "https://registry.yarnpkg.com/timeago/-/timeago-1.6.1.tgz#fa9aa932e6cfae1f0c9b62f49d8a6071fdf69c5b"
  dependencies:
    jquery ">=1.2.3"

trix@^0.10.2:
  version "0.10.2"
  resolved "https://registry.yarnpkg.com/trix/-/trix-0.10.2.tgz#85fc61bfed5d29676e400cc70cbd9040b753f5b6"
